
Microsoft Visual Studio Solution File, Format Version 12.00
# Visual Studio Version 16
VisualStudioVersion = 16.0.29509.3
MinimumVisualStudioVersion = 10.0.40219.1
Project("{9A19103F-16F7-4668-BE54-9A1E7A4F7556}") = "Arrays", "Arrays\Arrays.csproj", "{D51ED8AF-B8AD-48C2-927D-89E4E45BA411}"
EndProject
Project("{9A19103F-16F7-4668-BE54-9A1E7A4F7556}") = "Reverse", "Reverse\Reverse.csproj", "{DECDBB95-7967-45B8-BB4A-5359EC3E75FE}"
EndProject
Project("{9A19103F-16F7-4668-BE54-9A1E7A4F7556}") = "DaysOfTheWeek", "DaysOfTheWeek\DaysOfTheWeek.csproj", "{5AD55550-F6CE-4C63-81ED-29D260A5FE46}"
EndProject
Project("{9A19103F-16F7-4668-BE54-9A1E7A4F7556}") = "RoundingNumbers", "RoundingNumbers\RoundingNumbers.csproj", "{503C767C-4FE9-4F8C-AE35-4A22B08F65EA}"
EndProject
Project("{FAE04EC0-301F-11D3-BF4B-00C04F79EFBC}") = "CondenseArrayToNumber", "CondenseArrayToNumber\CondenseArrayToNumber.csproj", "{4B9C91E5-3B74-46A2-BDB5-FCD454C5D982}"
EndProject
Global
	GlobalSection(SolutionConfigurationPlatforms) = preSolution
		Debug|Any CPU = Debug|Any CPU
		Release|Any CPU = Release|Any CPU
	EndGlobalSection
	GlobalSection(ProjectConfigurationPlatforms) = postSolution
		{D51ED8AF-B8AD-48C2-927D-89E4E45BA411}.Debug|Any CPU.ActiveCfg = Debug|Any CPU
		{D51ED8AF-B8AD-48C2-927D-89E4E45BA411}.Debug|Any CPU.Build.0 = Debug|Any CPU
		{D51ED8AF-B8AD-48C2-927D-89E4E45BA411}.Release|Any CPU.ActiveCfg = Release|Any CPU
		{D51ED8AF-B8AD-48C2-927D-89E4E45BA411}.Release|Any CPU.Build.0 = Release|Any CPU
		{DECDBB95-7967-45B8-BB4A-5359EC3E75FE}.Debug|Any CPU.ActiveCfg = Debug|Any CPU
		{DECDBB95-7967-45B8-BB4A-5359EC3E75FE}.Debug|Any CPU.Build.0 = Debug|Any CPU
		{DECDBB95-7967-45B8-BB4A-5359EC3E75FE}.Release|Any CPU.ActiveCfg = Release|Any CPU
		{DECDBB95-7967-45B8-BB4A-5359EC3E75FE}.Release|Any CPU.Build.0 = Release|Any CPU
		{5AD55550-F6CE-4C63-81ED-29D260A5FE46}.Debug|Any CPU.ActiveCfg = Debug|Any CPU
		{5AD55550-F6CE-4C63-81ED-29D260A5FE46}.Debug|Any CPU.Build.0 = Debug|Any CPU
		{5AD55550-F6CE-4C63-81ED-29D260A5FE46}.Release|Any CPU.ActiveCfg = Release|Any CPU
		{5AD55550-F6CE-4C63-81ED-29D260A5FE46}.Release|Any CPU.Build.0 = Release|Any CPU
		{503C767C-4FE9-4F8C-AE35-4A22B08F65EA}.Debug|Any CPU.ActiveCfg = Debug|Any CPU
		{503C767C-4FE9-4F8C-AE35-4A22B08F65EA}.Debug|Any CPU.Build.0 = Debug|Any CPU
		{503C767C-4FE9-4F8C-AE35-4A22B08F65EA}.Release|Any CPU.ActiveCfg = Release|Any CPU
		{503C767C-4FE9-4F8C-AE35-4A22B08F65EA}.Release|Any CPU.Build.0 = Release|Any CPU
		{4B9C91E5-3B74-46A2-BDB5-FCD454C5D982}.Debug|Any CPU.ActiveCfg = Debug|Any CPU
		{4B9C91E5-3B74-46A2-BDB5-FCD454C5D982}.Debug|Any CPU.Build.0 = Debug|Any CPU
		{4B9C91E5-3B74-46A2-BDB5-FCD454C5D982}.Release|Any CPU.ActiveCfg = Release|Any CPU
		{4B9C91E5-3B74-46A2-BDB5-FCD454C5D982}.Release|Any CPU.Build.0 = Release|Any CPU
	EndGlobalSection
	GlobalSection(SolutionProperties) = preSolution
		HideSolutionNode = FALSE
	EndGlobalSection
	GlobalSection(ExtensibilityGlobals) = postSolution
		SolutionGuid = {A42A9E79-4AAA-47AB-ABDE-094FC608479C}
	EndGlobalSection
EndGlobal
